
Microsoft Visual Studio Solution File, Format Version 12.00
# Visual Studio 15
VisualStudioVersion = 15.0.28010.2026
MinimumVisualStudioVersion = 10.0.40219.1
Project("{FAE04EC0-301F-11D3-BF4B-00C04F79EFBC}") = "TicTacToe", "TicTacToe\TicTacToe.csproj", "{452FC031-BE4D-4899-B2E9-6E32B95B9821}"
EndProject
Global
	GlobalSection(SolutionConfigurationPlatforms) = preSolution
		Debug|Any CPU = Debug|Any CPU
		Release|Any CPU = Release|Any CPU
	EndGlobalSection
	GlobalSection(ProjectConfigurationPlatforms) = postSolution
		{452FC031-BE4D-4899-B2E9-6E32B95B9821}.Debug|Any CPU.ActiveCfg = Debug|Any CPU
		{452FC031-BE4D-4899-B2E9-6E32B95B9821}.Debug|Any CPU.Build.0 = Debug|Any CPU
		{452FC031-BE4D-4899-B2E9-6E32B95B9821}.Release|Any CPU.ActiveCfg = Release|Any CPU
		{452FC031-BE4D-4899-B2E9-6E32B95B9821}.Release|Any CPU.Build.0 = Release|Any CPU
	EndGlobalSection
	GlobalSection(SolutionProperties) = preSolution
		HideSolutionNode = FALSE
	EndGlobalSection
	GlobalSection(ExtensibilityGlobals) = postSolution
		SolutionGuid = {06D39D38-F961-432E-81A5-F9D17E04D126}
	EndGlobalSection
EndGlobal
